
Microsoft Visual Studio Solution File, Format Version 12.00
# Visual Studio 15
VisualStudioVersion = 15.0.28307.421
MinimumVisualStudioVersion = 10.0.40219.1
Project("{E24C65DC-7377-472B-9ABA-BC803B73C61A}") = "BookShop.Web", "BookShop.Web\", "{0350FD24-3923-4B6F-B981-D8F638CF92F2}"
	ProjectSection(WebsiteProperties) = preProject
		TargetFrameworkMoniker = ".NETFramework,Version%3Dv4.6.1"
		ProjectReferences = "{9483fbd5-93cd-4190-bc99-09c8e82e641e}|BookShop.BLL.dll;{1B4DFF7F-3894-4976-BBD8-92D79CC9ABC2}|BookShop.DAL.dll;"
		Debug.AspNetCompiler.VirtualPath = "/localhost_51097"
		Debug.AspNetCompiler.PhysicalPath = "BookShop.Web\"
		Debug.AspNetCompiler.TargetPath = "PrecompiledWeb\localhost_51097\"
		Debug.AspNetCompiler.Updateable = "true"
		Debug.AspNetCompiler.ForceOverwrite = "true"
		Debug.AspNetCompiler.FixedNames = "false"
		Debug.AspNetCompiler.Debug = "True"
		Release.AspNetCompiler.VirtualPath = "/localhost_51097"
		Release.AspNetCompiler.PhysicalPath = "BookShop.Web\"
		Release.AspNetCompiler.TargetPath = "PrecompiledWeb\localhost_51097\"
		Release.AspNetCompiler.Updateable = "true"
		Release.AspNetCompiler.ForceOverwrite = "true"
		Release.AspNetCompiler.FixedNames = "false"
		Release.AspNetCompiler.Debug = "False"
		VWDPort = "51097"
		SlnRelativePath = "BookShop.Web\"
		DefaultWebSiteLanguage = "Visual C#"
	EndProjectSection
EndProject
Project("{FAE04EC0-301F-11D3-BF4B-00C04F79EFBC}") = "BookShop.BLL", "BookShop.BLL\BookShop.BLL.csproj", "{9483FBD5-93CD-4190-BC99-09C8E82E641E}"
EndProject
Project("{FAE04EC0-301F-11D3-BF4B-00C04F79EFBC}") = "BookShop.DAL", "BookShop.DAL\BookShop.DAL.csproj", "{1B4DFF7F-3894-4976-BBD8-92D79CC9ABC2}"
EndProject
Global
	GlobalSection(SolutionConfigurationPlatforms) = preSolution
		Debug|Any CPU = Debug|Any CPU
		Release|Any CPU = Release|Any CPU
	EndGlobalSection
	GlobalSection(ProjectConfigurationPlatforms) = postSolution
		{0350FD24-3923-4B6F-B981-D8F638CF92F2}.Debug|Any CPU.ActiveCfg = Debug|Any CPU
		{0350FD24-3923-4B6F-B981-D8F638CF92F2}.Debug|Any CPU.Build.0 = Debug|Any CPU
		{0350FD24-3923-4B6F-B981-D8F638CF92F2}.Release|Any CPU.ActiveCfg = Debug|Any CPU
		{0350FD24-3923-4B6F-B981-D8F638CF92F2}.Release|Any CPU.Build.0 = Debug|Any CPU
		{9483FBD5-93CD-4190-BC99-09C8E82E641E}.Debug|Any CPU.ActiveCfg = Debug|Any CPU
		{9483FBD5-93CD-4190-BC99-09C8E82E641E}.Debug|Any CPU.Build.0 = Debug|Any CPU
		{9483FBD5-93CD-4190-BC99-09C8E82E641E}.Release|Any CPU.ActiveCfg = Release|Any CPU
		{9483FBD5-93CD-4190-BC99-09C8E82E641E}.Release|Any CPU.Build.0 = Release|Any CPU
		{1B4DFF7F-3894-4976-BBD8-92D79CC9ABC2}.Debug|Any CPU.ActiveCfg = Debug|Any CPU
		{1B4DFF7F-3894-4976-BBD8-92D79CC9ABC2}.Debug|Any CPU.Build.0 = Debug|Any CPU
		{1B4DFF7F-3894-4976-BBD8-92D79CC9ABC2}.Release|Any CPU.ActiveCfg = Release|Any CPU
		{1B4DFF7F-3894-4976-BBD8-92D79CC9ABC2}.Release|Any CPU.Build.0 = Release|Any CPU
	EndGlobalSection
	GlobalSection(SolutionProperties) = preSolution
		HideSolutionNode = FALSE
	EndGlobalSection
	GlobalSection(ExtensibilityGlobals) = postSolution
		SolutionGuid = {DB13AEE5-14F9-4B39-BC61-F382036412C0}
	EndGlobalSection
EndGlobal
